
Microsoft Visual Studio Solution File, Format Version 12.00
# Visual Studio 2013
VisualStudioVersion = 12.0.40629.0
MinimumVisualStudioVersion = 10.0.40219.1
Project("{FAE04EC0-301F-11D3-BF4B-00C04F79EFBC}") = "ServicioMedico", "ServicioMedico\ServicioMedico.csproj", "{01B082CB-0E09-4240-BFCA-B20AB52A6AC4}"
EndProject
Project("{FAE04EC0-301F-11D3-BF4B-00C04F79EFBC}") = "WRServicioMedico", "WRServicioMedico\WRServicioMedico.csproj", "{22D50468-0E30-4826-A6C6-95093EE11914}"
EndProject
Project("{FAE04EC0-301F-11D3-BF4B-00C04F79EFBC}") = "ControlesValidaciones", "ControlesValidaciones\ControlesValidaciones.csproj", "{0FB8A179-D0A6-498A-BC2F-6FDBECDF727A}"
EndProject
Global
	GlobalSection(SolutionConfigurationPlatforms) = preSolution
		Debug|Any CPU = Debug|Any CPU
		Release|Any CPU = Release|Any CPU
	EndGlobalSection
	GlobalSection(ProjectConfigurationPlatforms) = postSolution
		{01B082CB-0E09-4240-BFCA-B20AB52A6AC4}.Debug|Any CPU.ActiveCfg = Debug|Any CPU
		{01B082CB-0E09-4240-BFCA-B20AB52A6AC4}.Debug|Any CPU.Build.0 = Debug|Any CPU
		{01B082CB-0E09-4240-BFCA-B20AB52A6AC4}.Release|Any CPU.ActiveCfg = Release|Any CPU
		{01B082CB-0E09-4240-BFCA-B20AB52A6AC4}.Release|Any CPU.Build.0 = Release|Any CPU
		{22D50468-0E30-4826-A6C6-95093EE11914}.Debug|Any CPU.ActiveCfg = Debug|Any CPU
		{22D50468-0E30-4826-A6C6-95093EE11914}.Debug|Any CPU.Build.0 = Debug|Any CPU
		{22D50468-0E30-4826-A6C6-95093EE11914}.Release|Any CPU.ActiveCfg = Release|Any CPU
		{22D50468-0E30-4826-A6C6-95093EE11914}.Release|Any CPU.Build.0 = Release|Any CPU
		{0FB8A179-D0A6-498A-BC2F-6FDBECDF727A}.Debug|Any CPU.ActiveCfg = Debug|Any CPU
		{0FB8A179-D0A6-498A-BC2F-6FDBECDF727A}.Debug|Any CPU.Build.0 = Debug|Any CPU
		{0FB8A179-D0A6-498A-BC2F-6FDBECDF727A}.Release|Any CPU.ActiveCfg = Release|Any CPU
		{0FB8A179-D0A6-498A-BC2F-6FDBECDF727A}.Release|Any CPU.Build.0 = Release|Any CPU
	EndGlobalSection
	GlobalSection(SolutionProperties) = preSolution
		HideSolutionNode = FALSE
	EndGlobalSection
EndGlobal
